{
	"name": "beauedu",
	"version": "1.0.0",
	"lockfileVersion": 1,
	"requires": true,
	"dependencies": {
		"stream-to-blob": {
			"version": "2.0.0",
			"resolved": "https://registry.npmjs.org/stream-to-blob/-/stream-to-blob-2.0.0.tgz",
			"integrity": "sha512-E+YitTtIHo7RQ4Cmgl+EzlMpqvLroTynRgt4t0pI4y5oz/piqlBQB8NFXLIWcjGOsKw+THnImrdpWcOCVxK25Q=="
		}
	}
}
